// !$*UTF8*$!
{
	archiveVersion = 1;
	classes = {
	};
	objectVersion = 46;
	objects = {

/* Begin PBXBuildFile section */
		841887F81ED80C0800970C75 /* main.m in Sources */ = {isa = PBXBuildFile; fileRef = 841887F71ED80C0800970C75 /* main.m */; };
		841887FB1ED80C0800970C75 /* AppDelegate.m in Sources */ = {isa = PBXBuildFile; fileRef = 841887FA1ED80C0800970C75 /* AppDelegate.m */; };
		841887FE1ED80C0800970C75 /* ViewController.m in Sources */ = {isa = PBXBuildFile; fileRef = 841887FD1ED80C0800970C75 /* ViewController.m */; };
		841888011ED80C0800970C75 /* Main.storyboard in Resources */ = {isa = PBXBuildFile; fileRef = 841887FF1ED80C0800970C75 /* Main.storyboard */; };
		841888041ED80C0800970C75 /* Demo2.xcdatamodeld in Sources */ = {isa = PBXBuildFile; fileRef = 841888021ED80C0800970C75 /* Demo2.xcdatamodeld */; };
		841888061ED80C0800970C75 /* Assets.xcassets in Resources */ = {isa = PBXBuildFile; fileRef = 841888051ED80C0800970C75 /* Assets.xcassets */; };
		841888091ED80C0800970C75 /* LaunchScreen.storyboard in Resources */ = {isa = PBXBuildFile; fileRef = 841888071ED80C0800970C75 /* LaunchScreen.storyboard */; };
		841888141ED80C0800970C75 /* Demo2Tests.m in Sources */ = {isa = PBXBuildFile; fileRef = 841888131ED80C0800970C75 /* Demo2Tests.m */; };
		8418881F1ED80C0800970C75 /* Demo2UITests.m in Sources */ = {isa = PBXBuildFile; fileRef = 8418881E1ED80C0800970C75 /* Demo2UITests.m */; };
/* End PBXBuildFile section */

/* Begin PBXContainerItemProxy section */
		841888101ED80C0800970C75 /* PBXContainerItemProxy */ = {
			isa = PBXContainerItemProxy;
			containerPortal = 841887EB1ED80C0800970C75 /* Project object */;
			proxyType = 1;
			remoteGlobalIDString = 841887F21ED80C0800970C75;
			remoteInfo = Demo2;
		};
		8418881B1ED80C0800970C75 /* PBXContainerItemProxy */ = {
			isa = PBXContainerItemProxy;
			containerPortal = 841887EB1ED80C0800970C75 /* Project object */;
			proxyType = 1;
			remoteGlobalIDString = 841887F21ED80C0800970C75;
			remoteInfo = Demo2;
		};
/* End PBXContainerItemProxy section */

/* Begin PBXFileReference section */
		841887F31ED80C0800970C75 /* Demo2.app */ = {isa = PBXFileReference; explicitFileType = wrapper.application; includeInIndex = 0; path = Demo2.app; sourceTree = BUILT_PRODUCTS_DIR; };
		841887F71ED80C0800970C75 /* main.m */ = {isa = PBXFileReference; lastKnownFileType = sourcecode.c.objc; path = main.m; sourceTree = "<group>"; };
		841887F91ED80C0800970C75 /* AppDelegate.h */ = {isa = PBXFileReference; lastKnownFileType = sourcecode.c.h; path = AppDelegate.h; sourceTree = "<group>"; };
		841887FA1ED80C0800970C75 /* AppDelegate.m */ = {isa = PBXFileReference; lastKnownFileType = sourcecode.c.objc; path = AppDelegate.m; sourceTree = "<group>"; };
		841887FC1ED80C0800970C75 /* ViewController.h */ = {isa = PBXFileReference; lastKnownFileType = sourcecode.c.h; path = ViewController.h; sourceTree = "<group>"; };
		841887FD1ED80C0800970C75 /* ViewController.m */ = {isa = PBXFileReference; lastKnownFileType = sourcecode.c.objc; path = ViewController.m; sourceTree = "<group>"; };
		841888001ED80C0800970C75 /* Base */ = {isa = PBXFileReference; lastKnownFileType = file.storyboard; name = Base; path = Base.lproj/Main.storyboard; sourceTree = "<group>"; };
		841888031ED80C0800970C75 /* Demo2.xcdatamodel */ = {isa = PBXFileReference; lastKnownFileType = wrapper.xcdatamodel; path = Demo2.xcdatamodel; sourceTree = "<group>"; };
		841888051ED80C0800970C75 /* Assets.xcassets */ = {isa = PBXFileReference; lastKnownFileType = folder.assetcatalog; path = Assets.xcassets; sourceTree = "<group>"; };
		841888081ED80C0800970C75 /* Base */ = {isa = PBXFileReference; lastKnownFileType = file.storyboard; name = Base; path = Base.lproj/LaunchScreen.storyboard; sourceTree = "<group>"; };
		8418880A1ED80C0800970C75 /* Info.plist */ = {isa = PBXFileReference; lastKnownFileType = text.plist.xml; path = Info.plist; sourceTree = "<group>"; };
		8418880F1ED80C0800970C75 /* Demo2Tests.xctest */ = {isa = PBXFileReference; explicitFileType = wrapper.cfbundle; includeInIndex = 0; path = Demo2Tests.xctest; sourceTree = BUILT_PRODUCTS_DIR; };
		841888131ED80C0800970C75 /* Demo2Tests.m */ = {isa = PBXFileReference; lastKnownFileType = sourcecode.c.objc; path = Demo2Tests.m; sourceTree = "<group>"; };
		841888151ED80C0800970C75 /* Info.plist */ = {isa = PBXFileReference; lastKnownFileType = text.plist.xml; path = Info.plist; sourceTree = "<group>"; };
		8418881A1ED80C0800970C75 /* Demo2UITests.xctest */ = {isa = PBXFileReference; explicitFileType = wrapper.cfbundle; includeInIndex = 0; path = Demo2UITests.xctest; sourceTree = BUILT_PRODUCTS_DIR; };
		8418881E1ED80C0800970C75 /* Demo2UITests.m */ = {isa = PBXFileReference; lastKnownFileType = sourcecode.c.objc; path = Demo2UITests.m; sourceTree = "<group>"; };
		841888201ED80C0800970C75 /* Info.plist */ = {isa = PBXFileReference; lastKnownFileType = text.plist.xml; path = Info.plist; sourceTree = "<group>"; };
/* End PBXFileReference section */

/* Begin PBXFrameworksBuildPhase section */
		841887F01ED80C0800970C75 /* Frameworks */ = {
			isa = PBXFrameworksBuildPhase;
			buildActionMask = 2147483647;
			files = (
			);
			runOnlyForDeploymentPostprocessing = 0;
		};
		8418880C1ED80C0800970C75 /* Frameworks */ = {
			isa = PBXFrameworksBuildPhase;
			buildActionMask = 2147483647;
			files = (
			);
			runOnlyForDeploymentPostprocessing = 0;
		};
		841888171ED80C0800970C75 /* Frameworks */ = {
			isa = PBXFrameworksBuildPhase;
			buildActionMask = 2147483647;
			files = (
			);
			runOnlyForDeploymentPostprocessing = 0;
		};
/* End PBXFrameworksBuildPhase section */

/* Begin PBXGroup section */
		841887EA1ED80C0800970C75 = {
			isa = PBXGroup;
			children = (
				841887F51ED80C0800970C75 /* Demo2 */,
				841888121ED80C0800970C75 /* Demo2Tests */,
				8418881D1ED80C0800970C75 /* Demo2UITests */,
				841887F41ED80C0800970C75 /* Products */,
			);
			sourceTree = "<group>";
		};
		841887F41ED80C0800970C75 /* Products */ = {
			isa = PBXGroup;
			children = (
				841887F31ED80C0800970C75 /* Demo2.app */,
				8418880F1ED80C0800970C75 /* Demo2Tests.xctest */,
				8418881A1ED80C0800970C75 /* Demo2UITests.xctest */,
			);
			name = Products;
			sourceTree = "<group>";
		};
		841887F51ED80C0800970C75 /* Demo2 */ = {
			isa = PBXGroup;
			children = (
				841887F91ED80C0800970C75 /* AppDelegate.h */,
				841887FA1ED80C0800970C75 /* AppDelegate.m */,
				841887FC1ED80C0800970C75 /* ViewController.h */,
				841887FD1ED80C0800970C75 /* ViewController.m */,
				841887FF1ED80C0800970C75 /* Main.storyboard */,
				841888051ED80C0800970C75 /* Assets.xcassets */,
				841888071ED80C0800970C75 /* LaunchScreen.storyboard */,
				8418880A1ED80C0800970C75 /* Info.plist */,
				841888021ED80C0800970C75 /* Demo2.xcdatamodeld */,
				841887F61ED80C0800970C75 /* Supporting Files */,
			);
			path = Demo2;
			sourceTree = "<group>";
		};
		841887F61ED80C0800970C75 /* Supporting Files */ = {
			isa = PBXGroup;
			children = (
				841887F71ED80C0800970C75 /* main.m */,
			);
			name = "Supporting Files";
			sourceTree = "<group>";
		};
		841888121ED80C0800970C75 /* Demo2Tests */ = {
			isa = PBXGroup;
			children = (
				841888131ED80C0800970C75 /* Demo2Tests.m */,
				841888151ED80C0800970C75 /* Info.plist */,
			);
			path = Demo2Tests;
			sourceTree = "<group>";
		};
		8418881D1ED80C0800970C75 /* Demo2UITests */ = {
			isa = PBXGroup;
			children = (
				8418881E1ED80C0800970C75 /* Demo2UITests.m */,
				841888201ED80C0800970C75 /* Info.plist */,
			);
			path = Demo2UITests;
			sourceTree = "<group>";
		};
/* End PBXGroup section */

/* Begin PBXNativeTarget section */
		841887F21ED80C0800970C75 /* Demo2 */ = {
			isa = PBXNativeTarget;
			buildConfigurationList = 841888231ED80C0800970C75 /* Build configuration list for PBXNativeTarget "Demo2" */;
			buildPhases = (
				841887EF1ED80C0800970C75 /* Sources */,
				841887F01ED80C0800970C75 /* Frameworks */,
				841887F11ED80C0800970C75 /* Resources */,
			);
			buildRules = (
			);
			dependencies = (
			);
			name = Demo2;
			productName = Demo2;
			productReference = 841887F31ED80C0800970C75 /* Demo2.app */;
			productType = "com.apple.product-type.application";
		};
		8418880E1ED80C0800970C75 /* Demo2Tests */ = {
			isa = PBXNativeTarget;
			buildConfigurationList = 841888261ED80C0800970C75 /* Build configuration list for PBXNativeTarget "Demo2Tests" */;
			buildPhases = (
				8418880B1ED80C0800970C75 /* Sources */,
				8418880C1ED80C0800970C75 /* Frameworks */,
				8418880D1ED80C0800970C75 /* Resources */,
			);
			buildRules = (
			);
			dependencies = (
				841888111ED80C0800970C75 /* PBXTargetDependency */,
			);
			name = Demo2Tests;
			productName = Demo2Tests;
			productReference = 8418880F1ED80C0800970C75 /* Demo2Tests.xctest */;
			productType = "com.apple.product-type.bundle.unit-test";
		};
		841888191ED80C0800970C75 /* Demo2UITests */ = {
			isa = PBXNativeTarget;
			buildConfigurationList = 841888291ED80C0800970C75 /* Build configuration list for PBXNativeTarget "Demo2UITests" */;
			buildPhases = (
				841888161ED80C0800970C75 /* Sources */,
				841888171ED80C0800970C75 /* Frameworks */,
				841888181ED80C0800970C75 /* Resources */,
			);
			buildRules = (
			);
			dependencies = (
				8418881C1ED80C0800970C75 /* PBXTargetDependency */,
			);
			name = Demo2UITests;
			productName = Demo2UITests;
			productReference = 8418881A1ED80C0800970C75 /* Demo2UITests.xctest */;
			productType = "com.apple.product-type.bundle.ui-testing";
		};
/* End PBXNativeTarget section */

/* Begin PBXProject section */
		841887EB1ED80C0800970C75 /* Project object */ = {
			isa = PBXProject;
			attributes = {
				LastUpgradeCheck = 0810;
				ORGANIZATIONNAME = wangjiuyin;
				TargetAttributes = {
					841887F21ED80C0800970C75 = {
						CreatedOnToolsVersion = 8.1;
						DevelopmentTeam = 538CZ4N2AQ;
						ProvisioningStyle = Automatic;
					};
					8418880E1ED80C0800970C75 = {
						CreatedOnToolsVersion = 8.1;
						DevelopmentTeam = 538CZ4N2AQ;
						ProvisioningStyle = Automatic;
						TestTargetID = 841887F21ED80C0800970C75;
					};
					841888191ED80C0800970C75 = {
						CreatedOnToolsVersion = 8.1;
						DevelopmentTeam = 538CZ4N2AQ;
						ProvisioningStyle = Automatic;
						TestTargetID = 841887F21ED80C0800970C75;
					};
				};
			};
			buildConfigurationList = 841887EE1ED80C0800970C75 /* Build configuration list for PBXProject "Demo2" */;
			compatibilityVersion = "Xcode 3.2";
			developmentRegion = English;
			hasScannedForEncodings = 0;
			knownRegions = (
				en,
				Base,
			);
			mainGroup = 841887EA1ED80C0800970C75;
			productRefGroup = 841887F41ED80C0800970C75 /* Products */;
			projectDirPath = "";
			projectRoot = "";
			targets = (
				841887F21ED80C0800970C75 /* Demo2 */,
				8418880E1ED80C0800970C75 /* Demo2Tests */,
				841888191ED80C0800970C75 /* Demo2UITests */,
			);
		};
/* End PBXProject section */

/* Begin PBXResourcesBuildPhase section */
		841887F11ED80C0800970C75 /* Resources */ = {
			isa = PBXResourcesBuildPhase;
			buildActionMask = 2147483647;
			files = (
				841888091ED80C0800970C75 /* LaunchScreen.storyboard in Resources */,
				841888061ED80C0800970C75 /* Assets.xcassets in Resources */,
				841888011ED80C0800970C75 /* Main.storyboard in Resources */,
			);
			runOnlyForDeploymentPostprocessing = 0;
		};
		8418880D1ED80C0800970C75 /* Resources */ = {
			isa = PBXResourcesBuildPhase;
			buildActionMask = 2147483647;
			files = (
			);
			runOnlyForDeploymentPostprocessing = 0;
		};
		841888181ED80C0800970C75 /* Resources */ = {
			isa = PBXResourcesBuildPhase;
			buildActionMask = 2147483647;
			files = (
			);
			runOnlyForDeploymentPostprocessing = 0;
		};
/* End PBXResourcesBuildPhase section */

/* Begin PBXSourcesBuildPhase section */
		841887EF1ED80C0800970C75 /* Sources */ = {
			isa = PBXSourcesBuildPhase;
			buildActionMask = 2147483647;
			files = (
				841887FE1ED80C0800970C75 /* ViewController.m in Sources */,
				841888041ED80C0800970C75 /* Demo2.xcdatamodeld in Sources */,
				841887FB1ED80C0800970C75 /* AppDelegate.m in Sources */,
				841887F81ED80C0800970C75 /* main.m in Sources */,
			);
			runOnlyForDeploymentPostprocessing = 0;
		};
		8418880B1ED80C0800970C75 /* Sources */ = {
			isa = PBXSourcesBuildPhase;
			buildActionMask = 2147483647;
			files = (
				841888141ED80C0800970C75 /* Demo2Tests.m in Sources */,
			);
			runOnlyForDeploymentPostprocessing = 0;
		};
		841888161ED80C0800970C75 /* Sources */ = {
			isa = PBXSourcesBuildPhase;
			buildActionMask = 2147483647;
			files = (
				8418881F1ED80C0800970C75 /* Demo2UITests.m in Sources */,
			);
			runOnlyForDeploymentPostprocessing = 0;
		};
/* End PBXSourcesBuildPhase section */

/* Begin PBXTargetDependency section */
		841888111ED80C0800970C75 /* PBXTargetDependency */ = {
			isa = PBXTargetDependency;
			target = 841887F21ED80C0800970C75 /* Demo2 */;
			targetProxy = 841888101ED80C0800970C75 /* PBXContainerItemProxy */;
		};
		8418881C1ED80C0800970C75 /* PBXTargetDependency */ = {
			isa = PBXTargetDependency;
			target = 841887F21ED80C0800970C75 /* Demo2 */;
			targetProxy = 8418881B1ED80C0800970C75 /* PBXContainerItemProxy */;
		};
/* End PBXTargetDependency section */

/* Begin PBXVariantGroup section */
		841887FF1ED80C0800970C75 /* Main.storyboard */ = {
			isa = PBXVariantGroup;
			children = (
				841888001ED80C0800970C75 /* Base */,
			);
			name = Main.storyboard;
			sourceTree = "<group>";
		};
		841888071ED80C0800970C75 /* LaunchScreen.storyboard */ = {
			isa = PBXVariantGroup;
			children = (
				841888081ED80C0800970C75 /* Base */,
			);
			name = LaunchScreen.storyboard;
			sourceTree = "<group>";
		};
/* End PBXVariantGroup section */

/* Begin XCBuildConfiguration section */
		841888211ED80C0800970C75 /* Debug */ = {
			isa = XCBuildConfiguration;
			buildSettings = {
				ALWAYS_SEARCH_USER_PATHS = NO;
				CLANG_ANALYZER_NONNULL = YES;
				CLANG_CXX_LANGUAGE_STANDARD = "gnu++0x";
				CLANG_CXX_LIBRARY = "libc++";
				CLANG_ENABLE_MODULES = YES;
				CLANG_ENABLE_OBJC_ARC = YES;
				CLANG_WARN_BOOL_CONVERSION = YES;
				CLANG_WARN_CONSTANT_CONVERSION = YES;
				CLANG_WARN_DIRECT_OBJC_ISA_USAGE = YES_ERROR;
				CLANG_WARN_DOCUMENTATION_COMMENTS = YES;
				CLANG_WARN_EMPTY_BODY = YES;
				CLANG_WARN_ENUM_CONVERSION = YES;
				CLANG_WARN_INFINITE_RECURSION = YES;
				CLANG_WARN_INT_CONVERSION = YES;
				CLANG_WARN_OBJC_ROOT_CLASS = YES_ERROR;
				CLANG_WARN_SUSPICIOUS_MOVES = YES;
				CLANG_WARN_UNREACHABLE_CODE = YES;
				CLANG_WARN__DUPLICATE_METHOD_MATCH = YES;
				"CODE_SIGN_IDENTITY[sdk=iphoneos*]" = "iPhone Developer";
				COPY_PHASE_STRIP = NO;
				DEBUG_INFORMATION_FORMAT = dwarf;
				ENABLE_STRICT_OBJC_MSGSEND = YES;
				ENABLE_TESTABILITY = YES;
				GCC_C_LANGUAGE_STANDARD = gnu99;
				GCC_DYNAMIC_NO_PIC = NO;
				GCC_NO_COMMON_BLOCKS = YES;
				GCC_OPTIMIZATION_LEVEL = 0;
				GCC_PREPROCESSOR_DEFINITIONS = (
					"DEBUG=1",
					"$(inherited)",
				);
				GCC_WARN_64_TO_32_BIT_CONVERSION = YES;
				GCC_WARN_ABOUT_RETURN_TYPE = YES_ERROR;
				GCC_WARN_UNDECLARED_SELECTOR = YES;
				GCC_WARN_UNINITIALIZED_AUTOS = YES_AGGRESSIVE;
				GCC_WARN_UNUSED_FUNCTION = YES;
				GCC_WARN_UNUSED_VARIABLE = YES;
				IPHONEOS_DEPLOYMENT_TARGET = 10.1;
				MTL_ENABLE_DEBUG_INFO = YES;
				ONLY_ACTIVE_ARCH = YES;
				SDKROOT = iphoneos;
				TARGETED_DEVICE_FAMILY = "1,2";
			};
			name = Debug;
		};
		841888221ED80C0800970C75 /* Release */ = {
			isa = XCBuildConfiguration;
			buildSettings = {
				ALWAYS_SEARCH_USER_PATHS = NO;
				CLANG_ANALYZER_NONNULL = YES;
				CLANG_CXX_LANGUAGE_STANDARD = "gnu++0x";
				CLANG_CXX_LIBRARY = "libc++";
				CLANG_ENABLE_MODULES = YES;
				CLANG_ENABLE_OBJC_ARC = YES;
				CLANG_WARN_BOOL_CONVERSION = YES;
				CLANG_WARN_CONSTANT_CONVERSION = YES;
				CLANG_WARN_DIRECT_OBJC_ISA_USAGE = YES_ERROR;
				CLANG_WARN_DOCUMENTATION_COMMENTS = YES;
				CLANG_WARN_EMPTY_BODY = YES;
				CLANG_WARN_ENUM_CONVERSION = YES;
				CLANG_WARN_INFINITE_RECURSION = YES;
				CLANG_WARN_INT_CONVERSION = YES;
				CLANG_WARN_OBJC_ROOT_CLASS = YES_ERROR;
				CLANG_WARN_SUSPICIOUS_MOVES = YES;
				CLANG_WARN_UNREACHABLE_CODE = YES;
				CLANG_WARN__DUPLICATE_METHOD_MATCH = YES;
				"CODE_SIGN_IDENTITY[sdk=iphoneos*]" = "iPhone Developer";
				COPY_PHASE_STRIP = NO;
				DEBUG_INFORMATION_FORMAT = "dwarf-with-dsym";
				ENABLE_NS_ASSERTIONS = NO;
				ENABLE_STRICT_OBJC_MSGSEND = YES;
				GCC_C_LANGUAGE_STANDARD = gnu99;
				GCC_NO_COMMON_BLOCKS = YES;
				GCC_WARN_64_TO_32_BIT_CONVERSION = YES;
				GCC_WARN_ABOUT_RETURN_TYPE = YES_ERROR;
				GCC_WARN_UNDECLARED_SELECTOR = YES;
				GCC_WARN_UNINITIALIZED_AUTOS = YES_AGGRESSIVE;
				GCC_WARN_UNUSED_FUNCTION = YES;
				GCC_WARN_UNUSED_VARIABLE = YES;
				IPHONEOS_DEPLOYMENT_TARGET = 10.1;
				MTL_ENABLE_DEBUG_INFO = NO;
				SDKROOT = iphoneos;
				TARGETED_DEVICE_FAMILY = "1,2";
				VALIDATE_PRODUCT = YES;
			};
			name = Release;
		};
		841888241ED80C0800970C75 /* Debug */ = {
			isa = XCBuildConfiguration;
			buildSettings = {
				ASSETCATALOG_COMPILER_APPICON_NAME = AppIcon;
				DEVELOPMENT_TEAM = 538CZ4N2AQ;
				INFOPLIST_FILE = Demo2/Info.plist;
				LD_RUNPATH_SEARCH_PATHS = "$(inherited) @executable_path/Frameworks";
				PRODUCT_BUNDLE_IDENTIFIER = com.jiemian.Demo2;
				PRODUCT_NAME = "$(TARGET_NAME)";
			};
			name = Debug;
		};
		841888251ED80C0800970C75 /* Release */ = {
			isa = XCBuildConfiguration;
			buildSettings = {
				ASSETCATALOG_COMPILER_APPICON_NAME = AppIcon;
				DEVELOPMENT_TEAM = 538CZ4N2AQ;
				INFOPLIST_FILE = Demo2/Info.plist;
				LD_RUNPATH_SEARCH_PATHS = "$(inherited) @executable_path/Frameworks";
				PRODUCT_BUNDLE_IDENTIFIER = com.jiemian.Demo2;
				PRODUCT_NAME = "$(TARGET_NAME)";
			};
			name = Release;
		};
		841888271ED80C0800970C75 /* Debug */ = {
			isa = XCBuildConfiguration;
			buildSettings = {
				BUNDLE_LOADER = "$(TEST_HOST)";
				DEVELOPMENT_TEAM = 538CZ4N2AQ;
				INFOPLIST_FILE = Demo2Tests/Info.plist;
				LD_RUNPATH_SEARCH_PATHS = "$(inherited) @executable_path/Frameworks @loader_path/Frameworks";
				PRODUCT_BUNDLE_IDENTIFIER = com.jiemian.Demo2Tests;
				PRODUCT_NAME = "$(TARGET_NAME)";
				TEST_HOST = "$(BUILT_PRODUCTS_DIR)/Demo2.app/Demo2";
			};
			name = Debug;
		};
		841888281ED80C0800970C75 /* Release */ = {
			isa = XCBuildConfiguration;
			buildSettings = {
				BUNDLE_LOADER = "$(TEST_HOST)";
				DEVELOPMENT_TEAM = 538CZ4N2AQ;
				INFOPLIST_FILE = Demo2Tests/Info.plist;
				LD_RUNPATH_SEARCH_PATHS = "$(inherited) @executable_path/Frameworks @loader_path/Frameworks";
				PRODUCT_BUNDLE_IDENTIFIER = com.jiemian.Demo2Tests;
				PRODUCT_NAME = "$(TARGET_NAME)";
				TEST_HOST = "$(BUILT_PRODUCTS_DIR)/Demo2.app/Demo2";
			};
			name = Release;
		};
		8418882A1ED80C0800970C75 /* Debug */ = {
			isa = XCBuildConfiguration;
			buildSettings = {
				DEVELOPMENT_TEAM = 538CZ4N2AQ;
				INFOPLIST_FILE = Demo2UITests/Info.plist;
				LD_RUNPATH_SEARCH_PATHS = "$(inherited) @executable_path/Frameworks @loader_path/Frameworks";
				PRODUCT_BUNDLE_IDENTIFIER = com.jiemian.Demo2UITests;
				PRODUCT_NAME = "$(TARGET_NAME)";
				TEST_TARGET_NAME = Demo2;
			};
			name = Debug;
		};
		8418882B1ED80C0800970C75 /* Release */ = {
			isa = XCBuildConfiguration;
			buildSettings = {
				DEVELOPMENT_TEAM = 538CZ4N2AQ;
				INFOPLIST_FILE = Demo2UITests/Info.plist;
				LD_RUNPATH_SEARCH_PATHS = "$(inherited) @executable_path/Frameworks @loader_path/Frameworks";
				PRODUCT_BUNDLE_IDENTIFIER = com.jiemian.Demo2UITests;
				PRODUCT_NAME = "$(TARGET_NAME)";
				TEST_TARGET_NAME = Demo2;
			};
			name = Release;
		};
/* End XCBuildConfiguration section */

/* Begin XCConfigurationList section */
		841887EE1ED80C0800970C75 /* Build configuration list for PBXProject "Demo2" */ = {
			isa = XCConfigurationList;
			buildConfigurations = (
				841888211ED80C0800970C75 /* Debug */,
				841888221ED80C0800970C75 /* Release */,
			);
			defaultConfigurationIsVisible = 0;
			defaultConfigurationName = Release;
		};
		841888231ED80C0800970C75 /* Build configuration list for PBXNativeTarget "Demo2" */ = {
			isa = XCConfigurationList;
			buildConfigurations = (
				841888241ED80C0800970C75 /* Debug */,
				841888251ED80C0800970C75 /* Release */,
			);
			defaultConfigurationIsVisible = 0;
		};
		841888261ED80C0800970C75 /* Build configuration list for PBXNativeTarget "Demo2Tests" */ = {
			isa = XCConfigurationList;
			buildConfigurations = (
				841888271ED80C0800970C75 /* Debug */,
				841888281ED80C0800970C75 /* Release */,
			);
			defaultConfigurationIsVisible = 0;
		};
		841888291ED80C0800970C75 /* Build configuration list for PBXNativeTarget "Demo2UITests" */ = {
			isa = XCConfigurationList;
			buildConfigurations = (
				8418882A1ED80C0800970C75 /* Debug */,
				8418882B1ED80C0800970C75 /* Release */,
			);
			defaultConfigurationIsVisible = 0;
		};
/* End XCConfigurationList section */

/* Begin XCVersionGroup section */
		841888021ED80C0800970C75 /* Demo2.xcdatamodeld */ = {
			isa = XCVersionGroup;
			children = (
				841888031ED80C0800970C75 /* Demo2.xcdatamodel */,
			);
			currentVersion = 841888031ED80C0800970C75 /* Demo2.xcdatamodel */;
			path = Demo2.xcdatamodeld;
			sourceTree = "<group>";
			versionGroupType = wrapper.xcdatamodel;
		};
/* End XCVersionGroup section */
	};
	rootObject = 841887EB1ED80C0800970C75 /* Project object */;
}
